// !$*UTF8*$!
{
	archiveVersion = 1;
	classes = {
	};
	objectVersion = 56;
	objects = {

/* Begin PBXBuildFile section */
		3A2136E12B61D3C2009F1F1F /* HomeScreen.swift in Sources */ = {isa = PBXBuildFile; fileRef = 3A2136E02B61D3C2009F1F1F /* HomeScreen.swift */; };
		3A2136E32B61D3DC009F1F1F /* HomeItemView.swift in Sources */ = {isa = PBXBuildFile; fileRef = 3A2136E22B61D3DC009F1F1F /* HomeItemView.swift */; };
		3A2136E62B61D434009F1F1F /* Constants.swift in Sources */ = {isa = PBXBuildFile; fileRef = 3A2136E52B61D434009F1F1F /* Constants.swift */; };
		3A2136E92B61D4DD009F1F1F /* PokedexScreen.swift in Sources */ = {isa = PBXBuildFile; fileRef = 3A2136E82B61D4DD009F1F1F /* PokedexScreen.swift */; };
		3A2136EB2B61D809009F1F1F /* Mobius.swift in Sources */ = {isa = PBXBuildFile; fileRef = 3A2136EA2B61D809009F1F1F /* Mobius.swift */; };
		3A2136F22B61E57F009F1F1F /* PokedexItemView.swift in Sources */ = {isa = PBXBuildFile; fileRef = 3A2136F12B61E57F009F1F1F /* PokedexItemView.swift */; };
		3AA6A5342B6246530082A777 /* PokemonUtils.swift in Sources */ = {isa = PBXBuildFile; fileRef = 3AA6A5332B6246530082A777 /* PokemonUtils.swift */; };
		3AA6A5362B6251760082A777 /* PokdexAppView.swift in Sources */ = {isa = PBXBuildFile; fileRef = 3AA6A5352B6251760082A777 /* PokdexAppView.swift */; };
		3AA6A53B2B625F830082A777 /* DetailsScreen.swift in Sources */ = {isa = PBXBuildFile; fileRef = 3AA6A53A2B625F830082A777 /* DetailsScreen.swift */; };
		3AA6A53E2B62DC260082A777 /* PokemonTypeItemView.swift in Sources */ = {isa = PBXBuildFile; fileRef = 3AA6A53D2B62DC260082A777 /* PokemonTypeItemView.swift */; };
		3AA6A5402B62FFA60082A777 /* SwiftUINavigation.swift in Sources */ = {isa = PBXBuildFile; fileRef = 3AA6A53F2B62FFA60082A777 /* SwiftUINavigation.swift */; };
		3AA6A5442B6D926D0082A777 /* PokemonPhysicalView.swift in Sources */ = {isa = PBXBuildFile; fileRef = 3AA6A5432B6D926D0082A777 /* PokemonPhysicalView.swift */; };
		3AA6A5462B6D9DF10082A777 /* PokemonStatView.swift in Sources */ = {isa = PBXBuildFile; fileRef = 3AA6A5452B6D9DF10082A777 /* PokemonStatView.swift */; };
		3AA6A5482B6DB2D00082A777 /* PokedexApp.swift in Sources */ = {isa = PBXBuildFile; fileRef = 3AA6A5472B6DB2D00082A777 /* PokedexApp.swift */; };
		EA2CADA529BC9EC20007AE62 /* Assets.xcassets in Resources */ = {isa = PBXBuildFile; fileRef = EA2CADA429BC9EC20007AE62 /* Assets.xcassets */; };
		EA2CADA829BC9EC20007AE62 /* Preview Assets.xcassets in Resources */ = {isa = PBXBuildFile; fileRef = EA2CADA729BC9EC20007AE62 /* Preview Assets.xcassets */; };
		EA2CADCC29BCA7DB0007AE62 /* ComposeViewControllerToSwiftUi.swift in Sources */ = {isa = PBXBuildFile; fileRef = EA2CADCB29BCA7DB0007AE62 /* ComposeViewControllerToSwiftUi.swift */; };
/* End PBXBuildFile section */

/* Begin PBXContainerItemProxy section */
		EA2CADAE29BC9EC20007AE62 /* PBXContainerItemProxy */ = {
			isa = PBXContainerItemProxy;
			containerPortal = EA2CAD9529BC9EC10007AE62 /* Project object */;
			proxyType = 1;
			remoteGlobalIDString = EA2CAD9C29BC9EC10007AE62;
			remoteInfo = Pokedex;
		};
		EA2CADB829BC9EC20007AE62 /* PBXContainerItemProxy */ = {
			isa = PBXContainerItemProxy;
			containerPortal = EA2CAD9529BC9EC10007AE62 /* Project object */;
			proxyType = 1;
			remoteGlobalIDString = EA2CAD9C29BC9EC10007AE62;
			remoteInfo = Pokedex;
		};
/* End PBXContainerItemProxy section */

/* Begin PBXFileReference section */
		3A2136E02B61D3C2009F1F1F /* HomeScreen.swift */ = {isa = PBXFileReference; lastKnownFileType = sourcecode.swift; path = HomeScreen.swift; sourceTree = "<group>"; };
		3A2136E22B61D3DC009F1F1F /* HomeItemView.swift */ = {isa = PBXFileReference; lastKnownFileType = sourcecode.swift; path = HomeItemView.swift; sourceTree = "<group>"; };
		3A2136E52B61D434009F1F1F /* Constants.swift */ = {isa = PBXFileReference; lastKnownFileType = sourcecode.swift; path = Constants.swift; sourceTree = "<group>"; };
		3A2136E82B61D4DD009F1F1F /* PokedexScreen.swift */ = {isa = PBXFileReference; lastKnownFileType = sourcecode.swift; path = PokedexScreen.swift; sourceTree = "<group>"; };
		3A2136EA2B61D809009F1F1F /* Mobius.swift */ = {isa = PBXFileReference; lastKnownFileType = sourcecode.swift; path = Mobius.swift; sourceTree = "<group>"; };
		3A2136F12B61E57F009F1F1F /* PokedexItemView.swift */ = {isa = PBXFileReference; lastKnownFileType = sourcecode.swift; path = PokedexItemView.swift; sourceTree = "<group>"; };
		3AA6A5332B6246530082A777 /* PokemonUtils.swift */ = {isa = PBXFileReference; lastKnownFileType = sourcecode.swift; path = PokemonUtils.swift; sourceTree = "<group>"; };
		3AA6A5352B6251760082A777 /* PokdexAppView.swift */ = {isa = PBXFileReference; lastKnownFileType = sourcecode.swift; path = PokdexAppView.swift; sourceTree = "<group>"; };
		3AA6A53A2B625F830082A777 /* DetailsScreen.swift */ = {isa = PBXFileReference; lastKnownFileType = sourcecode.swift; path = DetailsScreen.swift; sourceTree = "<group>"; };
		3AA6A53D2B62DC260082A777 /* PokemonTypeItemView.swift */ = {isa = PBXFileReference; lastKnownFileType = sourcecode.swift; path = PokemonTypeItemView.swift; sourceTree = "<group>"; };
		3AA6A53F2B62FFA60082A777 /* SwiftUINavigation.swift */ = {isa = PBXFileReference; lastKnownFileType = sourcecode.swift; path = SwiftUINavigation.swift; sourceTree = "<group>"; };
		3AA6A5432B6D926D0082A777 /* PokemonPhysicalView.swift */ = {isa = PBXFileReference; lastKnownFileType = sourcecode.swift; path = PokemonPhysicalView.swift; sourceTree = "<group>"; };
		3AA6A5452B6D9DF10082A777 /* PokemonStatView.swift */ = {isa = PBXFileReference; lastKnownFileType = sourcecode.swift; path = PokemonStatView.swift; sourceTree = "<group>"; };
		3AA6A5472B6DB2D00082A777 /* PokedexApp.swift */ = {isa = PBXFileReference; lastKnownFileType = sourcecode.swift; path = PokedexApp.swift; sourceTree = "<group>"; };
		EA2CAD9D29BC9EC10007AE62 /* Pokedex.app */ = {isa = PBXFileReference; explicitFileType = wrapper.application; includeInIndex = 0; path = Pokedex.app; sourceTree = BUILT_PRODUCTS_DIR; };
		EA2CADA429BC9EC20007AE62 /* Assets.xcassets */ = {isa = PBXFileReference; lastKnownFileType = folder.assetcatalog; path = Assets.xcassets; sourceTree = "<group>"; };
		EA2CADA729BC9EC20007AE62 /* Preview Assets.xcassets */ = {isa = PBXFileReference; lastKnownFileType = folder.assetcatalog; path = "Preview Assets.xcassets"; sourceTree = "<group>"; };
		EA2CADAD29BC9EC20007AE62 /* PokedexTests.xctest */ = {isa = PBXFileReference; explicitFileType = wrapper.cfbundle; includeInIndex = 0; path = PokedexTests.xctest; sourceTree = BUILT_PRODUCTS_DIR; };
		EA2CADB729BC9EC20007AE62 /* PokedexUITests.xctest */ = {isa = PBXFileReference; explicitFileType = wrapper.cfbundle; includeInIndex = 0; path = PokedexUITests.xctest; sourceTree = BUILT_PRODUCTS_DIR; };
		EA2CADCA29BCA63F0007AE62 /* Info.plist */ = {isa = PBXFileReference; lastKnownFileType = text.plist; path = Info.plist; sourceTree = "<group>"; };
		EA2CADCB29BCA7DB0007AE62 /* ComposeViewControllerToSwiftUi.swift */ = {isa = PBXFileReference; lastKnownFileType = sourcecode.swift; path = ComposeViewControllerToSwiftUi.swift; sourceTree = "<group>"; };
/* End PBXFileReference section */

/* Begin PBXFrameworksBuildPhase section */
		EA2CAD9A29BC9EC10007AE62 /* Frameworks */ = {
			isa = PBXFrameworksBuildPhase;
			buildActionMask = 2147483647;
			files = (
			);
			runOnlyForDeploymentPostprocessing = 0;
		};
		EA2CADAA29BC9EC20007AE62 /* Frameworks */ = {
			isa = PBXFrameworksBuildPhase;
			buildActionMask = 2147483647;
			files = (
			);
			runOnlyForDeploymentPostprocessing = 0;
		};
		EA2CADB429BC9EC20007AE62 /* Frameworks */ = {
			isa = PBXFrameworksBuildPhase;
			buildActionMask = 2147483647;
			files = (
			);
			runOnlyForDeploymentPostprocessing = 0;
		};
/* End PBXFrameworksBuildPhase section */

/* Begin PBXGroup section */
		3A2136DE2B61D39E009F1F1F /* SwiftUI */ = {
			isa = PBXGroup;
			children = (
				3A2136E42B61D428009F1F1F /* utils */,
				3AA6A5392B625F550082A777 /* details */,
				3AA6A5382B625F490082A777 /* coming-soon */,
				3AA6A5372B625F3B0082A777 /* favorite */,
				3A2136E72B61D4B4009F1F1F /* pokedex */,
				3A2136DF2B61D3AE009F1F1F /* home */,
				3AA6A5352B6251760082A777 /* PokdexAppView.swift */,
				3AA6A53F2B62FFA60082A777 /* SwiftUINavigation.swift */,
			);
			path = SwiftUI;
			sourceTree = "<group>";
		};
		3A2136DF2B61D3AE009F1F1F /* home */ = {
			isa = PBXGroup;
			children = (
				3AA6A5412B6301B50082A777 /* views */,
				3A2136E02B61D3C2009F1F1F /* HomeScreen.swift */,
			);
			path = home;
			sourceTree = "<group>";
		};
		3A2136E42B61D428009F1F1F /* utils */ = {
			isa = PBXGroup;
			children = (
				3A2136E52B61D434009F1F1F /* Constants.swift */,
				3A2136EA2B61D809009F1F1F /* Mobius.swift */,
				3AA6A5332B6246530082A777 /* PokemonUtils.swift */,
			);
			path = utils;
			sourceTree = "<group>";
		};
		3A2136E72B61D4B4009F1F1F /* pokedex */ = {
			isa = PBXGroup;
			children = (
				3AA6A53C2B62DC1A0082A777 /* views */,
				3A2136E82B61D4DD009F1F1F /* PokedexScreen.swift */,
			);
			path = pokedex;
			sourceTree = "<group>";
		};
		3AA6A5372B625F3B0082A777 /* favorite */ = {
			isa = PBXGroup;
			children = (
			);
			path = favorite;
			sourceTree = "<group>";
		};
		3AA6A5382B625F490082A777 /* coming-soon */ = {
			isa = PBXGroup;
			children = (
			);
			path = "coming-soon";
			sourceTree = "<group>";
		};
		3AA6A5392B625F550082A777 /* details */ = {
			isa = PBXGroup;
			children = (
				3AA6A5422B6D92550082A777 /* views */,
				3AA6A53A2B625F830082A777 /* DetailsScreen.swift */,
			);
			path = details;
			sourceTree = "<group>";
		};
		3AA6A53C2B62DC1A0082A777 /* views */ = {
			isa = PBXGroup;
			children = (
				3A2136F12B61E57F009F1F1F /* PokedexItemView.swift */,
				3AA6A53D2B62DC260082A777 /* PokemonTypeItemView.swift */,
			);
			path = views;
			sourceTree = "<group>";
		};
		3AA6A5412B6301B50082A777 /* views */ = {
			isa = PBXGroup;
			children = (
				3A2136E22B61D3DC009F1F1F /* HomeItemView.swift */,
			);
			path = views;
			sourceTree = "<group>";
		};
		3AA6A5422B6D92550082A777 /* views */ = {
			isa = PBXGroup;
			children = (
				3AA6A5432B6D926D0082A777 /* PokemonPhysicalView.swift */,
				3AA6A5452B6D9DF10082A777 /* PokemonStatView.swift */,
			);
			path = views;
			sourceTree = "<group>";
		};
		D937DFF5B884FB13822B3B35 /* Frameworks */ = {
			isa = PBXGroup;
			children = (
			);
			name = Frameworks;
			sourceTree = "<group>";
		};
		EA2CAD9429BC9EC10007AE62 = {
			isa = PBXGroup;
			children = (
				EA2CAD9F29BC9EC10007AE62 /* Pokedex */,
				EA2CAD9E29BC9EC10007AE62 /* Products */,
				D937DFF5B884FB13822B3B35 /* Frameworks */,
			);
			sourceTree = "<group>";
		};
		EA2CAD9E29BC9EC10007AE62 /* Products */ = {
			isa = PBXGroup;
			children = (
				EA2CAD9D29BC9EC10007AE62 /* Pokedex.app */,
				EA2CADAD29BC9EC20007AE62 /* PokedexTests.xctest */,
				EA2CADB729BC9EC20007AE62 /* PokedexUITests.xctest */,
			);
			name = Products;
			sourceTree = "<group>";
		};
		EA2CAD9F29BC9EC10007AE62 /* Pokedex */ = {
			isa = PBXGroup;
			children = (
				3A2136DE2B61D39E009F1F1F /* SwiftUI */,
				EA2CADCA29BCA63F0007AE62 /* Info.plist */,
				3AA6A5472B6DB2D00082A777 /* PokedexApp.swift */,
				EA2CADA429BC9EC20007AE62 /* Assets.xcassets */,
				EA2CADA629BC9EC20007AE62 /* Preview Content */,
				EA2CADCB29BCA7DB0007AE62 /* ComposeViewControllerToSwiftUi.swift */,
			);
			path = Pokedex;
			sourceTree = "<group>";
		};
		EA2CADA629BC9EC20007AE62 /* Preview Content */ = {
			isa = PBXGroup;
			children = (
				EA2CADA729BC9EC20007AE62 /* Preview Assets.xcassets */,
			);
			path = "Preview Content";
			sourceTree = "<group>";
		};
/* End PBXGroup section */

/* Begin PBXNativeTarget section */
		EA2CAD9C29BC9EC10007AE62 /* Pokedex */ = {
			isa = PBXNativeTarget;
			buildConfigurationList = EA2CADC129BC9EC20007AE62 /* Build configuration list for PBXNativeTarget "Pokedex" */;
			buildPhases = (
				3A2136DD2B61CE2D009F1F1F /* Build Kotlin Pokedex.framework */,
				EA2CAD9929BC9EC10007AE62 /* Sources */,
				EA2CAD9A29BC9EC10007AE62 /* Frameworks */,
				EA2CAD9B29BC9EC10007AE62 /* Resources */,
			);
			buildRules = (
			);
			dependencies = (
			);
			name = Pokedex;
			packageProductDependencies = (
			);
			productName = Pokedex;
			productReference = EA2CAD9D29BC9EC10007AE62 /* Pokedex.app */;
			productType = "com.apple.product-type.application";
		};
		EA2CADAC29BC9EC20007AE62 /* PokedexTests */ = {
			isa = PBXNativeTarget;
			buildConfigurationList = EA2CADC429BC9EC20007AE62 /* Build configuration list for PBXNativeTarget "PokedexTests" */;
			buildPhases = (
				EA2CADA929BC9EC20007AE62 /* Sources */,
				EA2CADAA29BC9EC20007AE62 /* Frameworks */,
				EA2CADAB29BC9EC20007AE62 /* Resources */,
			);
			buildRules = (
			);
			dependencies = (
				EA2CADAF29BC9EC20007AE62 /* PBXTargetDependency */,
			);
			name = PokedexTests;
			productName = PokedexTests;
			productReference = EA2CADAD29BC9EC20007AE62 /* PokedexTests.xctest */;
			productType = "com.apple.product-type.bundle.unit-test";
		};
		EA2CADB629BC9EC20007AE62 /* PokedexUITests */ = {
			isa = PBXNativeTarget;
			buildConfigurationList = EA2CADC729BC9EC20007AE62 /* Build configuration list for PBXNativeTarget "PokedexUITests" */;
			buildPhases = (
				EA2CADB329BC9EC20007AE62 /* Sources */,
				EA2CADB429BC9EC20007AE62 /* Frameworks */,
				EA2CADB529BC9EC20007AE62 /* Resources */,
			);
			buildRules = (
			);
			dependencies = (
				EA2CADB929BC9EC20007AE62 /* PBXTargetDependency */,
			);
			name = PokedexUITests;
			productName = PokedexUITests;
			productReference = EA2CADB729BC9EC20007AE62 /* PokedexUITests.xctest */;
			productType = "com.apple.product-type.bundle.ui-testing";
		};
/* End PBXNativeTarget section */

/* Begin PBXProject section */
		EA2CAD9529BC9EC10007AE62 /* Project object */ = {
			isa = PBXProject;
			attributes = {
				BuildIndependentTargetsInParallel = 1;
				LastSwiftUpdateCheck = 1420;
				LastUpgradeCheck = 1520;
				TargetAttributes = {
					EA2CAD9C29BC9EC10007AE62 = {
						CreatedOnToolsVersion = 14.2;
					};
					EA2CADAC29BC9EC20007AE62 = {
						CreatedOnToolsVersion = 14.2;
						TestTargetID = EA2CAD9C29BC9EC10007AE62;
					};
					EA2CADB629BC9EC20007AE62 = {
						CreatedOnToolsVersion = 14.2;
						TestTargetID = EA2CAD9C29BC9EC10007AE62;
					};
				};
			};
			buildConfigurationList = EA2CAD9829BC9EC10007AE62 /* Build configuration list for PBXProject "Pokedex" */;
			compatibilityVersion = "Xcode 14.0";
			developmentRegion = en;
			hasScannedForEncodings = 0;
			knownRegions = (
				en,
				Base,
			);
			mainGroup = EA2CAD9429BC9EC10007AE62;
			packageReferences = (
			);
			productRefGroup = EA2CAD9E29BC9EC10007AE62 /* Products */;
			projectDirPath = "";
			projectRoot = "";
			targets = (
				EA2CAD9C29BC9EC10007AE62 /* Pokedex */,
				EA2CADAC29BC9EC20007AE62 /* PokedexTests */,
				EA2CADB629BC9EC20007AE62 /* PokedexUITests */,
			);
		};
/* End PBXProject section */

/* Begin PBXResourcesBuildPhase section */
		EA2CAD9B29BC9EC10007AE62 /* Resources */ = {
			isa = PBXResourcesBuildPhase;
			buildActionMask = 2147483647;
			files = (
				EA2CADA829BC9EC20007AE62 /* Preview Assets.xcassets in Resources */,
				EA2CADA529BC9EC20007AE62 /* Assets.xcassets in Resources */,
			);
			runOnlyForDeploymentPostprocessing = 0;
		};
		EA2CADAB29BC9EC20007AE62 /* Resources */ = {
			isa = PBXResourcesBuildPhase;
			buildActionMask = 2147483647;
			files = (
			);
			runOnlyForDeploymentPostprocessing = 0;
		};
		EA2CADB529BC9EC20007AE62 /* Resources */ = {
			isa = PBXResourcesBuildPhase;
			buildActionMask = 2147483647;
			files = (
			);
			runOnlyForDeploymentPostprocessing = 0;
		};
/* End PBXResourcesBuildPhase section */

/* Begin PBXShellScriptBuildPhase section */
		3A2136DD2B61CE2D009F1F1F /* Build Kotlin Pokedex.framework */ = {
			isa = PBXShellScriptBuildPhase;
			alwaysOutOfDate = 1;
			buildActionMask = 2147483647;
			files = (
			);
			inputFileListPaths = (
			);
			inputPaths = (
			);
			name = "Build Kotlin Pokedex.framework";
			outputFileListPaths = (
			);
			outputPaths = (
			);
			runOnlyForDeploymentPostprocessing = 0;
			shellPath = /bin/sh;
			shellScript = "cd \"$SRCROOT/..\"\nKOTLIN_FRAMEWORK_BUILD_TYPE=\"$(echo \"$CONFIGURATION\" | cut -f1 -d\"_\" | tr '[:upper:]' '[:lower:]')\" ./gradlew :shared-ui:embedAndSignAppleFrameworkForXcode\n";
		};
/* End PBXShellScriptBuildPhase section */

/* Begin PBXSourcesBuildPhase section */
		EA2CAD9929BC9EC10007AE62 /* Sources */ = {
			isa = PBXSourcesBuildPhase;
			buildActionMask = 2147483647;
			files = (
				3AA6A53B2B625F830082A777 /* DetailsScreen.swift in Sources */,
				3AA6A53E2B62DC260082A777 /* PokemonTypeItemView.swift in Sources */,
				3A2136EB2B61D809009F1F1F /* Mobius.swift in Sources */,
				3A2136E62B61D434009F1F1F /* Constants.swift in Sources */,
				3A2136F22B61E57F009F1F1F /* PokedexItemView.swift in Sources */,
				3A2136E32B61D3DC009F1F1F /* HomeItemView.swift in Sources */,
				3AA6A5462B6D9DF10082A777 /* PokemonStatView.swift in Sources */,
				3A2136E12B61D3C2009F1F1F /* HomeScreen.swift in Sources */,
				3AA6A5362B6251760082A777 /* PokdexAppView.swift in Sources */,
				3A2136E92B61D4DD009F1F1F /* PokedexScreen.swift in Sources */,
				3AA6A5402B62FFA60082A777 /* SwiftUINavigation.swift in Sources */,
				EA2CADCC29BCA7DB0007AE62 /* ComposeViewControllerToSwiftUi.swift in Sources */,
				3AA6A5482B6DB2D00082A777 /* PokedexApp.swift in Sources */,
				3AA6A5442B6D926D0082A777 /* PokemonPhysicalView.swift in Sources */,
				3AA6A5342B6246530082A777 /* PokemonUtils.swift in Sources */,
			);
			runOnlyForDeploymentPostprocessing = 0;
		};
		EA2CADA929BC9EC20007AE62 /* Sources */ = {
			isa = PBXSourcesBuildPhase;
			buildActionMask = 2147483647;
			files = (
			);
			runOnlyForDeploymentPostprocessing = 0;
		};
		EA2CADB329BC9EC20007AE62 /* Sources */ = {
			isa = PBXSourcesBuildPhase;
			buildActionMask = 2147483647;
			files = (
			);
			runOnlyForDeploymentPostprocessing = 0;
		};
/* End PBXSourcesBuildPhase section */

/* Begin PBXTargetDependency section */
		EA2CADAF29BC9EC20007AE62 /* PBXTargetDependency */ = {
			isa = PBXTargetDependency;
			target = EA2CAD9C29BC9EC10007AE62 /* Pokedex */;
			targetProxy = EA2CADAE29BC9EC20007AE62 /* PBXContainerItemProxy */;
		};
		EA2CADB929BC9EC20007AE62 /* PBXTargetDependency */ = {
			isa = PBXTargetDependency;
			target = EA2CAD9C29BC9EC10007AE62 /* Pokedex */;
			targetProxy = EA2CADB829BC9EC20007AE62 /* PBXContainerItemProxy */;
		};
/* End PBXTargetDependency section */

/* Begin XCBuildConfiguration section */
		EA2CADBF29BC9EC20007AE62 /* Debug */ = {
			isa = XCBuildConfiguration;
			buildSettings = {
				ALWAYS_SEARCH_USER_PATHS = NO;
				ASSETCATALOG_COMPILER_GENERATE_SWIFT_ASSET_SYMBOL_EXTENSIONS = YES;
				CLANG_ANALYZER_NONNULL = YES;
				CLANG_ANALYZER_NUMBER_OBJECT_CONVERSION = YES_AGGRESSIVE;
				CLANG_CXX_LANGUAGE_STANDARD = "gnu++20";
				CLANG_ENABLE_MODULES = YES;
				CLANG_ENABLE_OBJC_ARC = YES;
				CLANG_ENABLE_OBJC_WEAK = YES;
				CLANG_WARN_BLOCK_CAPTURE_AUTORELEASING = YES;
				CLANG_WARN_BOOL_CONVERSION = YES;
				CLANG_WARN_COMMA = YES;
				CLANG_WARN_CONSTANT_CONVERSION = YES;
				CLANG_WARN_DEPRECATED_OBJC_IMPLEMENTATIONS = YES;
				CLANG_WARN_DIRECT_OBJC_ISA_USAGE = YES_ERROR;
				CLANG_WARN_DOCUMENTATION_COMMENTS = YES;
				CLANG_WARN_EMPTY_BODY = YES;
				CLANG_WARN_ENUM_CONVERSION = YES;
				CLANG_WARN_INFINITE_RECURSION = YES;
				CLANG_WARN_INT_CONVERSION = YES;
				CLANG_WARN_NON_LITERAL_NULL_CONVERSION = YES;
				CLANG_WARN_OBJC_IMPLICIT_RETAIN_SELF = YES;
				CLANG_WARN_OBJC_LITERAL_CONVERSION = YES;
				CLANG_WARN_OBJC_ROOT_CLASS = YES_ERROR;
				CLANG_WARN_QUOTED_INCLUDE_IN_FRAMEWORK_HEADER = YES;
				CLANG_WARN_RANGE_LOOP_ANALYSIS = YES;
				CLANG_WARN_STRICT_PROTOTYPES = YES;
				CLANG_WARN_SUSPICIOUS_MOVE = YES;
				CLANG_WARN_UNGUARDED_AVAILABILITY = YES_AGGRESSIVE;
				CLANG_WARN_UNREACHABLE_CODE = YES;
				CLANG_WARN__DUPLICATE_METHOD_MATCH = YES;
				COPY_PHASE_STRIP = NO;
				DEBUG_INFORMATION_FORMAT = dwarf;
				ENABLE_STRICT_OBJC_MSGSEND = YES;
				ENABLE_TESTABILITY = YES;
				ENABLE_USER_SCRIPT_SANDBOXING = NO;
				GCC_C_LANGUAGE_STANDARD = gnu11;
				GCC_DYNAMIC_NO_PIC = NO;
				GCC_NO_COMMON_BLOCKS = YES;
				GCC_OPTIMIZATION_LEVEL = 0;
				GCC_PREPROCESSOR_DEFINITIONS = (
					"DEBUG=1",
					"$(inherited)",
				);
				GCC_WARN_64_TO_32_BIT_CONVERSION = YES;
				GCC_WARN_ABOUT_RETURN_TYPE = YES_ERROR;
				GCC_WARN_UNDECLARED_SELECTOR = YES;
				GCC_WARN_UNINITIALIZED_AUTOS = YES_AGGRESSIVE;
				GCC_WARN_UNUSED_FUNCTION = YES;
				GCC_WARN_UNUSED_VARIABLE = YES;
				IPHONEOS_DEPLOYMENT_TARGET = 16.2;
				MTL_ENABLE_DEBUG_INFO = INCLUDE_SOURCE;
				MTL_FAST_MATH = YES;
				ONLY_ACTIVE_ARCH = YES;
				SDKROOT = iphoneos;
				SWIFT_ACTIVE_COMPILATION_CONDITIONS = DEBUG;
				SWIFT_OPTIMIZATION_LEVEL = "-Onone";
			};
			name = Debug;
		};
		EA2CADC029BC9EC20007AE62 /* Release */ = {
			isa = XCBuildConfiguration;
			buildSettings = {
				ALWAYS_SEARCH_USER_PATHS = NO;
				ASSETCATALOG_COMPILER_GENERATE_SWIFT_ASSET_SYMBOL_EXTENSIONS = YES;
				CLANG_ANALYZER_NONNULL = YES;
				CLANG_ANALYZER_NUMBER_OBJECT_CONVERSION = YES_AGGRESSIVE;
				CLANG_CXX_LANGUAGE_STANDARD = "gnu++20";
				CLANG_ENABLE_MODULES = YES;
				CLANG_ENABLE_OBJC_ARC = YES;
				CLANG_ENABLE_OBJC_WEAK = YES;
				CLANG_WARN_BLOCK_CAPTURE_AUTORELEASING = YES;
				CLANG_WARN_BOOL_CONVERSION = YES;
				CLANG_WARN_COMMA = YES;
				CLANG_WARN_CONSTANT_CONVERSION = YES;
				CLANG_WARN_DEPRECATED_OBJC_IMPLEMENTATIONS = YES;
				CLANG_WARN_DIRECT_OBJC_ISA_USAGE = YES_ERROR;
				CLANG_WARN_DOCUMENTATION_COMMENTS = YES;
				CLANG_WARN_EMPTY_BODY = YES;
				CLANG_WARN_ENUM_CONVERSION = YES;
				CLANG_WARN_INFINITE_RECURSION = YES;
				CLANG_WARN_INT_CONVERSION = YES;
				CLANG_WARN_NON_LITERAL_NULL_CONVERSION = YES;
				CLANG_WARN_OBJC_IMPLICIT_RETAIN_SELF = YES;
				CLANG_WARN_OBJC_LITERAL_CONVERSION = YES;
				CLANG_WARN_OBJC_ROOT_CLASS = YES_ERROR;
				CLANG_WARN_QUOTED_INCLUDE_IN_FRAMEWORK_HEADER = YES;
				CLANG_WARN_RANGE_LOOP_ANALYSIS = YES;
				CLANG_WARN_STRICT_PROTOTYPES = YES;
				CLANG_WARN_SUSPICIOUS_MOVE = YES;
				CLANG_WARN_UNGUARDED_AVAILABILITY = YES_AGGRESSIVE;
				CLANG_WARN_UNREACHABLE_CODE = YES;
				CLANG_WARN__DUPLICATE_METHOD_MATCH = YES;
				COPY_PHASE_STRIP = NO;
				DEBUG_INFORMATION_FORMAT = "dwarf-with-dsym";
				ENABLE_NS_ASSERTIONS = NO;
				ENABLE_STRICT_OBJC_MSGSEND = YES;
				ENABLE_USER_SCRIPT_SANDBOXING = NO;
				GCC_C_LANGUAGE_STANDARD = gnu11;
				GCC_NO_COMMON_BLOCKS = YES;
				GCC_WARN_64_TO_32_BIT_CONVERSION = YES;
				GCC_WARN_ABOUT_RETURN_TYPE = YES_ERROR;
				GCC_WARN_UNDECLARED_SELECTOR = YES;
				GCC_WARN_UNINITIALIZED_AUTOS = YES_AGGRESSIVE;
				GCC_WARN_UNUSED_FUNCTION = YES;
				GCC_WARN_UNUSED_VARIABLE = YES;
				IPHONEOS_DEPLOYMENT_TARGET = 16.2;
				MTL_ENABLE_DEBUG_INFO = NO;
				MTL_FAST_MATH = YES;
				SDKROOT = iphoneos;
				SWIFT_COMPILATION_MODE = wholemodule;
				SWIFT_OPTIMIZATION_LEVEL = "-O";
				VALIDATE_PRODUCT = YES;
			};
			name = Release;
		};
		EA2CADC229BC9EC20007AE62 /* Debug */ = {
			isa = XCBuildConfiguration;
			buildSettings = {
				ASSETCATALOG_COMPILER_GLOBAL_ACCENT_COLOR_NAME = AccentColor;
				CODE_SIGN_STYLE = Automatic;
				CURRENT_PROJECT_VERSION = 1;
				DEVELOPMENT_ASSET_PATHS = "\"Pokedex/Preview Content\"";
				DEVELOPMENT_TEAM = V7T9SX3F3Z;
				ENABLE_PREVIEWS = YES;
				FRAMEWORK_SEARCH_PATHS = (
					"$(inherited)",
					"$(SRCROOT)/../shared-ui/build/xcode-frameworks/$(CONFIGURATION)/$(SDK_NAME)",
				);
				GENERATE_INFOPLIST_FILE = YES;
				INFOPLIST_FILE = Pokedex/Info.plist;
				INFOPLIST_KEY_UIApplicationSupportsIndirectInputEvents = YES;
				INFOPLIST_KEY_UILaunchScreen_Generation = YES;
				INFOPLIST_KEY_UISupportedInterfaceOrientations_iPad = "UIInterfaceOrientationPortrait UIInterfaceOrientationPortraitUpsideDown UIInterfaceOrientationLandscapeLeft UIInterfaceOrientationLandscapeRight";
				INFOPLIST_KEY_UISupportedInterfaceOrientations_iPhone = "UIInterfaceOrientationPortrait UIInterfaceOrientationLandscapeLeft UIInterfaceOrientationLandscapeRight";
				LD_RUNPATH_SEARCH_PATHS = (
					"$(inherited)",
					"@executable_path/Frameworks",
				);
				MARKETING_VERSION = 1.0;
				OTHER_LDFLAGS = (
					"$(inherited)",
					"-ObjC",
					"-l\"c++\"",
					"-framework",
					"\"pokedex\"",
					"-lsqlite3",
				);
				PRODUCT_BUNDLE_IDENTIFIER = pokedex.Pokedex;
				PRODUCT_NAME = "$(TARGET_NAME)";
				SWIFT_EMIT_LOC_STRINGS = YES;
				SWIFT_VERSION = 5.0;
				TARGETED_DEVICE_FAMILY = "1,2";
			};
			name = Debug;
		};
		EA2CADC329BC9EC20007AE62 /* Release */ = {
			isa = XCBuildConfiguration;
			buildSettings = {
				ASSETCATALOG_COMPILER_GLOBAL_ACCENT_COLOR_NAME = AccentColor;
				CODE_SIGN_STYLE = Automatic;
				CURRENT_PROJECT_VERSION = 1;
				DEVELOPMENT_ASSET_PATHS = "\"Pokedex/Preview Content\"";
				DEVELOPMENT_TEAM = V7T9SX3F3Z;
				ENABLE_PREVIEWS = YES;
				FRAMEWORK_SEARCH_PATHS = (
					"$(inherited)",
					"$(SRCROOT)/../shared-ui/build/xcode-frameworks/$(CONFIGURATION)/$(SDK_NAME)",
				);
				GENERATE_INFOPLIST_FILE = YES;
				INFOPLIST_FILE = Pokedex/Info.plist;
				INFOPLIST_KEY_UIApplicationSupportsIndirectInputEvents = YES;
				INFOPLIST_KEY_UILaunchScreen_Generation = YES;
				INFOPLIST_KEY_UISupportedInterfaceOrientations_iPad = "UIInterfaceOrientationPortrait UIInterfaceOrientationPortraitUpsideDown UIInterfaceOrientationLandscapeLeft UIInterfaceOrientationLandscapeRight";
				INFOPLIST_KEY_UISupportedInterfaceOrientations_iPhone = "UIInterfaceOrientationPortrait UIInterfaceOrientationLandscapeLeft UIInterfaceOrientationLandscapeRight";
				LD_RUNPATH_SEARCH_PATHS = (
					"$(inherited)",
					"@executable_path/Frameworks",
				);
				MARKETING_VERSION = 1.0;
				OTHER_LDFLAGS = (
					"$(inherited)",
					"-ObjC",
					"-l\"c++\"",
					"-framework",
					"\"pokedex\"",
					"-lsqlite3",
				);
				PRODUCT_BUNDLE_IDENTIFIER = pokedex.Pokedex;
				PRODUCT_NAME = "$(TARGET_NAME)";
				SWIFT_EMIT_LOC_STRINGS = YES;
				SWIFT_VERSION = 5.0;
				TARGETED_DEVICE_FAMILY = "1,2";
			};
			name = Release;
		};
		EA2CADC529BC9EC20007AE62 /* Debug */ = {
			isa = XCBuildConfiguration;
			buildSettings = {
				ALWAYS_EMBED_SWIFT_STANDARD_LIBRARIES = YES;
				BUNDLE_LOADER = "$(TEST_HOST)";
				CODE_SIGN_STYLE = Automatic;
				CURRENT_PROJECT_VERSION = 1;
				DEVELOPMENT_TEAM = V7T9SX3F3Z;
				GENERATE_INFOPLIST_FILE = YES;
				IPHONEOS_DEPLOYMENT_TARGET = 16.2;
				MARKETING_VERSION = 1.0;
				PRODUCT_BUNDLE_IDENTIFIER = pokedex.PokedexTests;
				PRODUCT_NAME = "$(TARGET_NAME)";
				SWIFT_EMIT_LOC_STRINGS = NO;
				SWIFT_VERSION = 5.0;
				TARGETED_DEVICE_FAMILY = "1,2";
				TEST_HOST = "$(BUILT_PRODUCTS_DIR)/Pokedex.app/$(BUNDLE_EXECUTABLE_FOLDER_PATH)/Pokedex";
			};
			name = Debug;
		};
		EA2CADC629BC9EC20007AE62 /* Release */ = {
			isa = XCBuildConfiguration;
			buildSettings = {
				ALWAYS_EMBED_SWIFT_STANDARD_LIBRARIES = YES;
				BUNDLE_LOADER = "$(TEST_HOST)";
				CODE_SIGN_STYLE = Automatic;
				CURRENT_PROJECT_VERSION = 1;
				DEVELOPMENT_TEAM = V7T9SX3F3Z;
				GENERATE_INFOPLIST_FILE = YES;
				IPHONEOS_DEPLOYMENT_TARGET = 16.2;
				MARKETING_VERSION = 1.0;
				PRODUCT_BUNDLE_IDENTIFIER = pokedex.PokedexTests;
				PRODUCT_NAME = "$(TARGET_NAME)";
				SWIFT_EMIT_LOC_STRINGS = NO;
				SWIFT_VERSION = 5.0;
				TARGETED_DEVICE_FAMILY = "1,2";
				TEST_HOST = "$(BUILT_PRODUCTS_DIR)/Pokedex.app/$(BUNDLE_EXECUTABLE_FOLDER_PATH)/Pokedex";
			};
			name = Release;
		};
		EA2CADC829BC9EC20007AE62 /* Debug */ = {
			isa = XCBuildConfiguration;
			buildSettings = {
				ALWAYS_EMBED_SWIFT_STANDARD_LIBRARIES = YES;
				CODE_SIGN_STYLE = Automatic;
				CURRENT_PROJECT_VERSION = 1;
				DEVELOPMENT_TEAM = V7T9SX3F3Z;
				GENERATE_INFOPLIST_FILE = YES;
				MARKETING_VERSION = 1.0;
				PRODUCT_BUNDLE_IDENTIFIER = pokedex.PokedexUITests;
				PRODUCT_NAME = "$(TARGET_NAME)";
				SWIFT_EMIT_LOC_STRINGS = NO;
				SWIFT_VERSION = 5.0;
				TARGETED_DEVICE_FAMILY = "1,2";
				TEST_TARGET_NAME = Pokedex;
			};
			name = Debug;
		};
		EA2CADC929BC9EC20007AE62 /* Release */ = {
			isa = XCBuildConfiguration;
			buildSettings = {
				ALWAYS_EMBED_SWIFT_STANDARD_LIBRARIES = YES;
				CODE_SIGN_STYLE = Automatic;
				CURRENT_PROJECT_VERSION = 1;
				DEVELOPMENT_TEAM = V7T9SX3F3Z;
				GENERATE_INFOPLIST_FILE = YES;
				MARKETING_VERSION = 1.0;
				PRODUCT_BUNDLE_IDENTIFIER = pokedex.PokedexUITests;
				PRODUCT_NAME = "$(TARGET_NAME)";
				SWIFT_EMIT_LOC_STRINGS = NO;
				SWIFT_VERSION = 5.0;
				TARGETED_DEVICE_FAMILY = "1,2";
				TEST_TARGET_NAME = Pokedex;
			};
			name = Release;
		};
/* End XCBuildConfiguration section */

/* Begin XCConfigurationList section */
		EA2CAD9829BC9EC10007AE62 /* Build configuration list for PBXProject "Pokedex" */ = {
			isa = XCConfigurationList;
			buildConfigurations = (
				EA2CADBF29BC9EC20007AE62 /* Debug */,
				EA2CADC029BC9EC20007AE62 /* Release */,
			);
			defaultConfigurationIsVisible = 0;
			defaultConfigurationName = Release;
		};
		EA2CADC129BC9EC20007AE62 /* Build configuration list for PBXNativeTarget "Pokedex" */ = {
			isa = XCConfigurationList;
			buildConfigurations = (
				EA2CADC229BC9EC20007AE62 /* Debug */,
				EA2CADC329BC9EC20007AE62 /* Release */,
			);
			defaultConfigurationIsVisible = 0;
			defaultConfigurationName = Release;
		};
		EA2CADC429BC9EC20007AE62 /* Build configuration list for PBXNativeTarget "PokedexTests" */ = {
			isa = XCConfigurationList;
			buildConfigurations = (
				EA2CADC529BC9EC20007AE62 /* Debug */,
				EA2CADC629BC9EC20007AE62 /* Release */,
			);
			defaultConfigurationIsVisible = 0;
			defaultConfigurationName = Release;
		};
		EA2CADC729BC9EC20007AE62 /* Build configuration list for PBXNativeTarget "PokedexUITests" */ = {
			isa = XCConfigurationList;
			buildConfigurations = (
				EA2CADC829BC9EC20007AE62 /* Debug */,
				EA2CADC929BC9EC20007AE62 /* Release */,
			);
			defaultConfigurationIsVisible = 0;
			defaultConfigurationName = Release;
		};
/* End XCConfigurationList section */
	};
	rootObject = EA2CAD9529BC9EC10007AE62 /* Project object */;
}
